
Microsoft Visual Studio Solution File, Format Version 12.00
# Visual Studio 14
VisualStudioVersion = 14.0.23107.0
MinimumVisualStudioVersion = 10.0.40219.1
Project("{FAE04EC0-301F-11D3-BF4B-00C04F79EFBC}") = "UglyToad.FakeItEasy.EntityFrameworkFakes", "UglyToad.FakeItEasy.EntityFrameworkFakes\UglyToad.FakeItEasy.EntityFrameworkFakes.csproj", "{6AD907B9-FF44-41B4-AC9C-6F6F90E179FF}"
EndProject
Project("{FAE04EC0-301F-11D3-BF4B-00C04F79EFBC}") = "UglyToad.FakeItEasy.EntityFrameworkFakes.Tests", "UglyToad.FakeItEasy.EntityFrameworkFakes.Tests\UglyToad.FakeItEasy.EntityFrameworkFakes.Tests.csproj", "{37CAEBE2-F29B-4B56-BC33-197430CF9EEC}"
EndProject
Project("{FAE04EC0-301F-11D3-BF4B-00C04F79EFBC}") = "UglyToad.FakeItEasy.EntityFrameworkFakes.Integration", "UglyToad.FakeItEasy.EntityFrameworkFakes.Integration\UglyToad.FakeItEasy.EntityFrameworkFakes.Integration.csproj", "{916F214A-5D4B-4C98-811D-F37EC145A0C6}"
EndProject
Global
	GlobalSection(SolutionConfigurationPlatforms) = preSolution
		Debug|Any CPU = Debug|Any CPU
		Release|Any CPU = Release|Any CPU
	EndGlobalSection
	GlobalSection(ProjectConfigurationPlatforms) = postSolution
		{6AD907B9-FF44-41B4-AC9C-6F6F90E179FF}.Debug|Any CPU.ActiveCfg = Debug|Any CPU
		{6AD907B9-FF44-41B4-AC9C-6F6F90E179FF}.Debug|Any CPU.Build.0 = Debug|Any CPU
		{6AD907B9-FF44-41B4-AC9C-6F6F90E179FF}.Release|Any CPU.ActiveCfg = Release|Any CPU
		{6AD907B9-FF44-41B4-AC9C-6F6F90E179FF}.Release|Any CPU.Build.0 = Release|Any CPU
		{37CAEBE2-F29B-4B56-BC33-197430CF9EEC}.Debug|Any CPU.ActiveCfg = Debug|Any CPU
		{37CAEBE2-F29B-4B56-BC33-197430CF9EEC}.Debug|Any CPU.Build.0 = Debug|Any CPU
		{37CAEBE2-F29B-4B56-BC33-197430CF9EEC}.Release|Any CPU.ActiveCfg = Release|Any CPU
		{37CAEBE2-F29B-4B56-BC33-197430CF9EEC}.Release|Any CPU.Build.0 = Release|Any CPU
		{916F214A-5D4B-4C98-811D-F37EC145A0C6}.Debug|Any CPU.ActiveCfg = Debug|Any CPU
		{916F214A-5D4B-4C98-811D-F37EC145A0C6}.Debug|Any CPU.Build.0 = Debug|Any CPU
		{916F214A-5D4B-4C98-811D-F37EC145A0C6}.Release|Any CPU.ActiveCfg = Release|Any CPU
		{916F214A-5D4B-4C98-811D-F37EC145A0C6}.Release|Any CPU.Build.0 = Release|Any CPU
	EndGlobalSection
	GlobalSection(SolutionProperties) = preSolution
		HideSolutionNode = FALSE
	EndGlobalSection
EndGlobal
